{
    "_meta": {
        "hash": {
            "sha256": "568eea59bbe1bfa2c63fc9a51bef7db0a2e823f2a1465f05d093ad5e55b90812"
        },
        "pipfile-spec": 6,
        "requires": {
            "python_version": "3.8"
        },
        "sources": [
            {
                "name": "pypi",
                "url": "https://pypi.org/simple",
                "verify_ssl": true
            }
        ]
    },
    "default": {
        "async-generator": {
            "hashes": [
                "sha256:01c7bf666359b4967d2cda0000cc2e4af16a0ae098cbffcb8472fb9e8ad6585b",
                "sha256:6ebb3d106c12920aaae42ccb6f787ef5eefdcdd166ea3d628fa8476abe712144"
            ],
            "version": "==1.10"
        },
        "attrs": {
            "hashes": [
                "sha256:08a96c641c3a74e44eb59afb61a24f2cb9f4d7188748e76ba4bb5edfa3cb7d1c",
                "sha256:f7b7ce16570fe9965acd6d30101a28f62fb4a7f9e926b3bbc9b61f8b04247e72"
            ],
            "version": "==19.3.0"
        },
        "backcall": {
            "hashes": [
                "sha256:38ecd85be2c1e78f77fd91700c76e14667dc21e2713b63876c0eb901196e01e4",
                "sha256:bbbf4b1e5cd2bdb08f915895b51081c041bac22394fdfcfdfbe9f14b77c08bf2"
            ],
            "version": "==0.1.0"
        },
        "bleach": {
            "hashes": [
                "sha256:2bce3d8fab545a6528c8fa5d9f9ae8ebc85a56da365c7f85180bfe96a35ef22f",
                "sha256:3c4c520fdb9db59ef139915a5db79f8b51bc2a7257ea0389f30c846883430a4b"
            ],
            "version": "==3.1.5"
        },
        "cycler": {
            "hashes": [
                "sha256:1d8a5ae1ff6c5cf9b93e8811e581232ad8920aeec647c37316ceac982b08cb2d",
                "sha256:cd7b2d1018258d7247a71425e9f26463dfb444d411c39569972f4ce586b0c9d8"
            ],
            "version": "==0.10.0"
        },
        "decorator": {
            "hashes": [
                "sha256:41fa54c2a0cc4ba648be4fd43cff00aedf5b9465c9bf18d64325bc225f08f760",
                "sha256:e3a62f0520172440ca0dcc823749319382e377f37f140a0b99ef45fecb84bfe7"
            ],
            "version": "==4.4.2"
        },
        "defusedxml": {
            "hashes": [
                "sha256:8ede8ba04cf5bf7999e1492fa77df545db83717f52c5eab625f97228ebd539bf",
                "sha256:aa621655d72cdd30f57073893b96cd0c3831a85b08b8e4954531bdac47e3e8c8"
            ],
            "version": "==0.7.0rc1"
        },
        "entrypoints": {
            "hashes": [
                "sha256:589f874b313739ad35be6e0cd7efde2a4e9b6fea91edcc34e58ecbb8dbe56d19",
                "sha256:c70dd71abe5a8c85e55e12c19bd91ccfeec11a6e99044204511f9ed547d48451"
            ],
            "version": "==0.3"
        },
        "ipykernel": {
            "hashes": [
                "sha256:731adb3f2c4ebcaff52e10a855ddc87670359a89c9c784d711e62d66fccdafae",
                "sha256:a8362e3ae365023ca458effe93b026b8cdadc0b73ff3031472128dd8a2cf0289"
            ],
            "version": "==5.3.0"
        },
        "ipython": {
            "hashes": [
                "sha256:0ef1433879816a960cd3ae1ae1dc82c64732ca75cec8dab5a4e29783fb571d0e",
                "sha256:1b85d65632211bf5d3e6f1406f3393c8c429a47d7b947b9a87812aa5bce6595c"
            ],
            "index": "pypi",
            "version": "==7.15.0"
        },
        "ipython-genutils": {
            "hashes": [
                "sha256:72dd37233799e619666c9f639a9da83c34013a73e8bbc79a7a6348d93c61fab8",
                "sha256:eb2e116e75ecef9d4d228fdc66af54269afa26ab4463042e33785b887c628ba8"
            ],
            "version": "==0.2.0"
        },
        "ipywidgets": {
            "hashes": [
                "sha256:87b30e4dfd68a7c4e3c6462eedb95ac7d1a776cc182f87168d960151151de31c",
                "sha256:9cb5590e583b8ea309a2d8e88fb02e44d054df2a77891f7d3356b0b883b99d3d"
            ],
            "version": "==8.0.0a0"
        },
        "jedi": {
            "hashes": [
                "sha256:cd60c93b71944d628ccac47df9a60fec53150de53d42dc10a7fc4b5ba6aae798",
                "sha256:df40c97641cb943661d2db4c33c2e1ff75d491189423249e989bcea4464f3030"
            ],
            "version": "==0.17.0"
        },
        "jinja2": {
            "hashes": [
                "sha256:c10142f819c2d22bdcd17548c46fa9b77cf4fda45097854c689666bf425e7484",
                "sha256:c922560ac46888d47384de1dbdc3daaa2ea993af4b26a436dec31fa2c19ec668"
            ],
            "version": "==3.0.0a1"
        },
        "jsonschema": {
            "hashes": [
                "sha256:4e5b3cf8216f577bee9ce139cbe72eca3ea4f292ec60928ff24758ce626cd163",
                "sha256:c8a85b28d377cc7737e46e2d9f2b4f44ee3c0e1deac6bf46ddefc7187d30797a"
            ],
            "version": "==3.2.0"
        },
        "jupyter": {
            "hashes": [
                "sha256:3e1f86076bbb7c8c207829390305a2b1fe836d471ed54be66a3b8c41e7f46cc7",
                "sha256:5b290f93b98ffbc21c0c7e749f054b3267782166d72fa5e3ed1ed4eaf34a2b78",
                "sha256:d9dc4b3318f310e34c82951ea5d6683f67bed7def4b259fafbfe4f1beb1d8e5f"
            ],
            "index": "pypi",
            "version": "==1.0.0"
        },
        "jupyter-client": {
            "hashes": [
                "sha256:3a32fa4d0b16d1c626b30c3002a62dfd86d6863ed39eaba3f537fade197bb756",
                "sha256:cde8e83aab3ec1c614f221ae54713a9a46d3bf28292609d2db1b439bef5a8c8e"
            ],
            "version": "==6.1.3"
        },
        "jupyter-console": {
            "hashes": [
                "sha256:6f6ead433b0534909df789ea64f0a14cdf9b6b2360757756f08182be4b9e431b",
                "sha256:b392155112ec86a329df03b225749a0fa903aa80811e8eda55796a40b5e470d8"
            ],
            "version": "==6.1.0"
        },
        "jupyter-core": {
            "hashes": [
                "sha256:394fd5dd787e7c8861741880bdf8a00ce39f95de5d18e579c74b882522219e7e",
                "sha256:a4ee613c060fe5697d913416fc9d553599c05e4492d58fac1192c9a6844abb21"
            ],
            "version": "==4.6.3"
        },
        "jupyterlab-pygments": {
            "hashes": [
                "sha256:19a0ccde7daddec638363cd3d60b63a4f6544c9181d65253317b2fb492a797b9",
                "sha256:c9535e5999f29bff90bd0fa423717dcaf247b71fad505d66b17d3217e9021fc5"
            ],
            "version": "==0.1.1"
        },
        "kiwisolver": {
            "hashes": [
                "sha256:03662cbd3e6729f341a97dd2690b271e51a67a68322affab12a5b011344b973c",
                "sha256:18d749f3e56c0480dccd1714230da0f328e6e4accf188dd4e6884bdd06bf02dd",
                "sha256:247800260cd38160c362d211dcaf4ed0f7816afb5efe56544748b21d6ad6d17f",
                "sha256:443c2320520eda0a5b930b2725b26f6175ca4453c61f739fef7a5847bd262f74",
                "sha256:4eadb361baf3069f278b055e3bb53fa189cea2fd02cb2c353b7a99ebb4477ef1",
                "sha256:556da0a5f60f6486ec4969abbc1dd83cf9b5c2deadc8288508e55c0f5f87d29c",
                "sha256:603162139684ee56bcd57acc74035fceed7dd8d732f38c0959c8bd157f913fec",
                "sha256:60a78858580761fe611d22127868f3dc9f98871e6fdf0a15cc4203ed9ba6179b",
                "sha256:7cc095a4661bdd8a5742aaf7c10ea9fac142d76ff1770a0f84394038126d8fc7",
                "sha256:c31bc3c8e903d60a1ea31a754c72559398d91b5929fcb329b1c3a3d3f6e72113",
                "sha256:c955791d80e464da3b471ab41eb65cf5a40c15ce9b001fdc5bbc241170de58ec",
                "sha256:d069ef4b20b1e6b19f790d00097a5d5d2c50871b66d10075dab78938dc2ee2cf",
                "sha256:d52b989dc23cdaa92582ceb4af8d5bcc94d74b2c3e64cd6785558ec6a879793e",
                "sha256:e586b28354d7b6584d8973656a7954b1c69c93f708c0c07b77884f91640b7657",
                "sha256:efcf3397ae1e3c3a4a0a0636542bcad5adad3b1dd3e8e629d0b6e201347176c8",
                "sha256:fccefc0d36a38c57b7bd233a9b485e2f1eb71903ca7ad7adacad6c28a56d62d2"
            ],
            "version": "==1.2.0"
        },
        "markupsafe": {
            "hashes": [
                "sha256:06358015a4dee8ee23ae426bf885616ab3963622defd829eb45b44e3dee3515f",
                "sha256:0b0c4fc852c5f02c6277ef3b33d23fcbe89b1b227460423e3335374da046b6db",
                "sha256:267677fc42afed5094fc5ea1c4236bbe4b6a00fe4b08e93451e65ae9048139c7",
                "sha256:303cb70893e2c345588fb5d5b86e0ca369f9bb56942f03064c5e3e75fa7a238a",
                "sha256:3c9b624a0d9ed5a5093ac4edc4e823e6b125441e60ef35d36e6f4a6fdacd5054",
                "sha256:42033e14cae1f6c86fc0c3e90d04d08ce73ac8e46ba420a0d22d545c2abd4977",
                "sha256:4e4a99b6af7bdc0856b50020c095848ec050356a001e1f751510aef6ab14d0e0",
                "sha256:4eb07faad54bb07427d848f31030a65a49ebb0cec0b30674f91cf1ddd456bfe4",
                "sha256:63a7161cd8c2bc563feeda45df62f42c860dd0675e2b8da2667f25bb3c95eaba",
                "sha256:68e0fd039b68d2945b4beb947d4023ca7f8e95b708031c345762efba214ea761",
                "sha256:8092a63397025c2f655acd42784b2a1528339b90b987beb9253f22e8cdbb36c3",
                "sha256:841218860683c0f2223e24756843d84cc49cccdae6765e04962607754a52d3e0",
                "sha256:94076b2314bd2f6cfae508ad65b4d493e3a58a50112b7a2cbb6287bdbc404ae8",
                "sha256:9d22aff1c5322e402adfb3ce40839a5056c353e711c033798cf4f02eb9f5124d",
                "sha256:b0e4584f62b3e5f5c1a7bcefd2b52f236505e6ef032cc508caa4f4c8dc8d3af1",
                "sha256:b1163ffc1384d242964426a8164da12dbcdbc0de18ea36e2c34b898ed38c3b45",
                "sha256:beac28ed60c8e838301226a7a85841d0af2068eba2dcb1a58c2d32d6c05e440e",
                "sha256:c29f096ce79c03054a1101d6e5fe6bf04b0bb489165d5e0e9653fb4fe8048ee1",
                "sha256:c58779966d53e5f14ba393d64e2402a7926601d1ac8adeb4e83893def79d0428",
                "sha256:cfe14b37908eaf7d5506302987228bff69e1b8e7071ccd4e70fd0283b1b47f0b",
                "sha256:e834249c45aa9837d0753351cdca61a4b8b383cc9ad0ff2325c97ff7b69e72a6",
                "sha256:eed1b234c4499811ee85bcefa22ef5e466e75d132502226ed29740d593316c1f"
            ],
            "version": "==2.0.0a1"
        },
        "matplotlib": {
            "hashes": [
                "sha256:2466d4dddeb0f5666fd1e6736cc5287a4f9f7ae6c1a9e0779deff798b28e1d35",
                "sha256:282b3fc8023c4365bad924d1bb442ddc565c2d1635f210b700722776da466ca3",
                "sha256:4bb50ee4755271a2017b070984bcb788d483a8ce3132fab68393d1555b62d4ba",
                "sha256:56d3147714da5c7ac4bc452d041e70e0e0b07c763f604110bd4e2527f320b86d",
                "sha256:7a9baefad265907c6f0b037c8c35a10cf437f7708c27415a5513cf09ac6d6ddd",
                "sha256:aae7d107dc37b4bb72dcc45f70394e6df2e5e92ac4079761aacd0e2ad1d3b1f7",
                "sha256:af14e77829c5b5d5be11858d042d6f2459878f8e296228c7ea13ec1fd308eb68",
                "sha256:c1cf735970b7cd424502719b44288b21089863aaaab099f55e0283a721aaf781",
                "sha256:ce378047902b7a05546b6485b14df77b2ff207a0054e60c10b5680132090c8ee",
                "sha256:d35891a86a4388b6965c2d527b9a9f9e657d9e110b0575ca8a24ba0d4e34b8fc",
                "sha256:e06304686209331f99640642dee08781a9d55c6e32abb45ed54f021f46ccae47",
                "sha256:e20ba7fb37d4647ac38f3c6d8672dd8b62451ee16173a0711b37ba0ce42bf37d",
                "sha256:f4412241e32d0f8d3713b68d3ca6430190a5e8a7c070f1c07d7833d8c5264398",
                "sha256:ffe2f9cdcea1086fc414e82f42271ecf1976700b8edd16ca9d376189c6d93aee"
            ],
            "index": "pypi",
            "version": "==3.2.1"
        },
        "mistune": {
            "hashes": [
                "sha256:59a3429db53c50b5c6bcc8a07f8848cb00d7dc8bdb431a4ab41920d201d4756e",
                "sha256:88a1051873018da288eee8538d476dffe1262495144b33ecb586c4ab266bb8d4"
            ],
            "version": "==0.8.4"
        },
        "mpmath": {
            "hashes": [
                "sha256:fc17abe05fbab3382b61a123c398508183406fa132e0223874578e20946499f6"
            ],
            "version": "==1.1.0"
        },
        "nbclient": {
            "hashes": [
                "sha256:042bcb8f878ca0c567a59dc0e1367e2215fea9a31d764bd1ad8cb1408a507469",
                "sha256:5db1a63730a80a95097abd21ea0d142c57ccb0288fc6ad1978684e79dc65e80c"
            ],
            "version": "==0.4.0a1"
        },
        "nbconvert": {
            "hashes": [
                "sha256:083f90594c371ded912b8863caf6e9010570ee968d89ee4f352bae7d99d4b0f9",
                "sha256:4a46c3c76897eb963ec49174c9f60395b6fcd6c98be81a53d26b2657c67e9c85"
            ],
            "version": "==6.0.0a3"
        },
        "nbformat": {
            "hashes": [
                "sha256:049af048ed76b95c3c44043620c17e56bc001329e07f83fec4f177f0e3d7b757",
                "sha256:276343c78a9660ab2a63c28cc33da5f7c58c092b3f3a40b6017ae2ce6689320d"
            ],
            "version": "==5.0.6"
        },
        "nest-asyncio": {
            "hashes": [
                "sha256:75dad56eaa7078e2e29c6630f114077fc5060069658d74545b0409e63ca8a028",
                "sha256:766ee832cdef108497a70dd729cc4ff56d16a8d3e08404ae138bdf15913f66f9"
            ],
            "version": "==1.3.3"
        },
        "networkx": {
            "hashes": [
                "sha256:cdfbf698749a5014bf2ed9db4a07a5295df1d3a53bf80bf3cbd61edf9df05fa1",
                "sha256:f8f4ff0b6f96e4f9b16af6b84622597b5334bf9cae8cf9b2e42e7985d5c95c64"
            ],
            "index": "pypi",
            "version": "==2.4"
        },
        "notebook": {
            "hashes": [
                "sha256:3edc616c684214292994a3af05eaea4cc043f6b4247d830f3a2f209fa7639a80",
                "sha256:47a9092975c9e7965ada00b9a20f0cf637d001db60d241d479f53c0be117ad48"
            ],
            "version": "==6.0.3"
        },
        "numpy": {
            "hashes": [
                "sha256:01e17a9c1fdc7b97c75ad926f816694397be76251222a6f6cb50bbe3218cf3e5",
                "sha256:159741a29c33b5e2829e4fcdcd712c35651f1b7571672002453f27fe438459d4",
                "sha256:307da8faeb1e84bbee082004c06aa41510e52321025d4a54a16ca48f8329ca4f",
                "sha256:32073a47eeb37172f23f4f432efb2068c6b13b04d3eb4f0558056430ee3f32c5",
                "sha256:3eb013e193de97ec196441f6bdf9a1bea84dfbfb2421d5cccfdbba3aa2d60ec0",
                "sha256:45c0a742198566b46479231cb4f189f69c4fd8fe1331f1217f9c58496fe52fc2",
                "sha256:53564bfd09dda34cd74d11cbc1aad88b7fd2ad8b1d6eae6b4274ac789f30d6c0",
                "sha256:5e5b36b986a28d6651f6c8ebed084290e30833f50a7e0fe04f916b59d5113863",
                "sha256:6068db7fc6e34aed8a2d4ea4041fbeff3485a05452524d307c70da708ea40d63",
                "sha256:612878ef8025af60c9d43556e45d93fa07d2e6a960e252a475575d3018e361cc",
                "sha256:707be2715ca33f98335fdc84e3a79de4d85c7dd6b24aff6a57e45bf393205eb5",
                "sha256:7526a8dbc68d730785a57ec18541b194d4ac7402843addb0d706174668f5be16",
                "sha256:7c716527392f34c217f18672aac79e88f4747e2717bd0c0c99755b197a5f5197",
                "sha256:93bb0c1f9c69e5ce97e8d6b45c472a050bfa1e433c4c70c4568718c60cc7c306",
                "sha256:9e8bf8bb69ef268eaab6483b354039aabb737c3aaab4ad526e4ad7c95a87bd3c",
                "sha256:b82511ae4d8e3dbf727c91bf6c761f882750428e888e0c1795b57f3c4b8cfc1e",
                "sha256:c2f32979427df01cda8834af714dfacd06dce92f6c9275482a2e2932c67e67a1",
                "sha256:c49cc2b4e1b40bd836b2077d1cfee738577d2a411268eccace4f01dc22ef90ed",
                "sha256:cf6a8eb39bd191584de2f47dcc40155ffc902a32cff2a985ac58d93c035b306a",
                "sha256:d9b07673ac07cd02b1ba4d7eb920cd762d1559cc40af63d8e2b16774fdc3aa36",
                "sha256:dd21db931bdeb5d6ecffe36673bbaee4510f7e79b9afdbbdc2bf9c157ec8734c",
                "sha256:e1c4e32318501ec8e8fa3dead802dd1b913dcf8eddeb2b0370f35b58c71d6018",
                "sha256:e20452ad415c56cec51f52080adb4eccc4891ee86cf6b194e2434d09d42a183d",
                "sha256:e9ad332f8ff6f53dba38f39f3832a2f9fd4627039bc3a2baddb699fdf445adb1",
                "sha256:ec6c41348e05e2bee6b34cedb5bb38f7e53dee7e0791a4a63e1425dbee5ef326"
            ],
            "index": "pypi",
            "version": "==1.19.0rc2"
        },
        "packaging": {
            "hashes": [
                "sha256:4357f74f47b9c12db93624a82154e9b120fa8293699949152b22065d556079f8",
                "sha256:998416ba6962ae7fbd6596850b80e17859a5753ba17c32284f67bfff33784181"
            ],
            "version": "==20.4"
        },
        "pandocfilters": {
            "hashes": [
                "sha256:b3dd70e169bb5449e6bc6ff96aea89c5eea8c5f6ab5e207fc2f521a2cf4a0da9"
            ],
            "version": "==1.4.2"
        },
        "parso": {
            "hashes": [
                "sha256:158c140fc04112dc45bca311633ae5033c2c2a7b732fa33d0955bad8152a8dd0",
                "sha256:908e9fae2144a076d72ae4e25539143d40b8e3eafbaeae03c1bfe226f4cdf12c"
            ],
            "version": "==0.7.0"
        },
        "pexpect": {
            "hashes": [
                "sha256:0b48a55dcb3c05f3329815901ea4fc1537514d6ba867a152b581d69ae3710937",
                "sha256:fc65a43959d153d0114afe13997d439c22823a27cefceb5ff35c2178c6784c0c"
            ],
            "markers": "sys_platform != 'win32'",
            "version": "==4.8.0"
        },
        "pickleshare": {
            "hashes": [
                "sha256:87683d47965c1da65cdacaf31c8441d12b8044cdec9aca500cd78fc2c683afca",
                "sha256:9649af414d74d4df115d5d718f82acb59c9d418196b7b4290ed47a12ce62df56"
            ],
            "version": "==0.7.5"
        },
        "prometheus-client": {
            "hashes": [
                "sha256:983c7ac4b47478720db338f1491ef67a100b474e3bc7dafcbaefb7d0b8f9b01c",
                "sha256:c6e6b706833a6bd1fd51711299edee907857be10ece535126a158f911ee80915"
            ],
            "version": "==0.8.0"
        },
        "prompt-toolkit": {
            "hashes": [
                "sha256:563d1a4140b63ff9dd587bda9557cffb2fe73650205ab6f4383092fb882e7dc8",
                "sha256:df7e9e63aea609b1da3a65641ceaf5bc7d05e0a04de5bd45d05dbeffbabf9e04"
            ],
            "version": "==3.0.5"
        },
        "ptyprocess": {
            "hashes": [
                "sha256:923f299cc5ad920c68f2bc0bc98b75b9f838b93b599941a6b63ddbc2476394c0",
                "sha256:d7cc528d76e76342423ca640335bd3633420dc1366f258cb31d05e865ef5ca1f"
            ],
            "markers": "os_name != 'nt'",
            "version": "==0.6.0"
        },
        "pygments": {
            "hashes": [
                "sha256:647344a061c249a3b74e230c739f434d7ea4d8b1d5f3721bc0f3558049b38f44",
                "sha256:ff7a40b4860b727ab48fad6360eb351cc1b33cbf9b15a0f689ca5353e9463324"
            ],
            "version": "==2.6.1"
        },
        "pyparsing": {
            "hashes": [
                "sha256:67199f0c41a9c702154efb0e7a8cc08accf830eb003b4d9fa42c4059002e2492",
                "sha256:700d17888d441604b0bd51535908dcb297561b040819cccde647a92439db5a2a"
            ],
            "version": "==3.0.0a1"
        },
        "pyrsistent": {
            "hashes": [
                "sha256:28669905fe725965daa16184933676547c5bb40a5153055a8dee2a4bd7933ad3"
            ],
            "version": "==0.16.0"
        },
        "python-dateutil": {
            "hashes": [
                "sha256:73ebfe9dbf22e832286dafa60473e4cd239f8592f699aa5adaf10050e6e1823c",
                "sha256:75bb3f31ea686f1197762692a9ee6a7550b59fc6ca3a1f4b5d7e32fb98e2da2a"
            ],
            "version": "==2.8.1"
        },
        "pyzmq": {
            "hashes": [
                "sha256:07fb8fe6826a229dada876956590135871de60dbc7de5a18c3bcce2ed1f03c98",
                "sha256:13a5638ab24d628a6ade8f794195e1a1acd573496c3b85af2f1183603b7bf5e0",
                "sha256:15b4cb21118f4589c4db8be4ac12b21c8b4d0d42b3ee435d47f686c32fe2e91f",
                "sha256:21f7d91f3536f480cb2c10d0756bfa717927090b7fb863e6323f766e5461ee1c",
                "sha256:2a88b8fabd9cc35bd59194a7723f3122166811ece8b74018147a4ed8489e6421",
                "sha256:342fb8a1dddc569bc361387782e8088071593e7eaf3e3ecf7d6bd4976edff112",
                "sha256:4ee0bfd82077a3ff11c985369529b12853a4064320523f8e5079b630f9551448",
                "sha256:54aa24fd60c4262286fc64ca632f9e747c7cc3a3a1144827490e1dc9b8a3a960",
                "sha256:58688a2dfa044fad608a8e70ba8d019d0b872ec2acd75b7b5e37da8905605891",
                "sha256:5b99c2ae8089ef50223c28bac57510c163bfdff158c9e90764f812b94e69a0e6",
                "sha256:5b9d21fc56c8aacd2e6d14738021a9d64f3f69b30578a99325a728e38a349f85",
                "sha256:5f1f2eb22aab606f808163eb1d537ac9a0ba4283fbeb7a62eb48d9103cf015c2",
                "sha256:6ca519309703e95d55965735a667809bbb65f52beda2fdb6312385d3e7a6d234",
                "sha256:87c78f6936e2654397ca2979c1d323ee4a889eef536cc77a938c6b5be33351a7",
                "sha256:8952f6ba6ae598e792703f3134af5a01af8f5c7cf07e9a148f05a12b02412cea",
                "sha256:931339ac2000d12fe212e64f98ce291e81a7ec6c73b125f17cf08415b753c087",
                "sha256:956775444d01331c7eb412c5fb9bb62130dfaac77e09f32764ea1865234e2ca9",
                "sha256:97b6255ae77328d0e80593681826a0479cb7bac0ba8251b4dd882f5145a2293a",
                "sha256:aaa8b40b676576fd7806839a5de8e6d5d1b74981e6376d862af6c117af2a3c10",
                "sha256:af0c02cf49f4f9eedf38edb4f3b6bb621d83026e7e5d76eb5526cc5333782fd6",
                "sha256:b08780e3a55215873b3b8e6e7ca8987f14c902a24b6ac081b344fd430d6ca7cd",
                "sha256:ba6f24431b569aec674ede49cad197cad59571c12deed6ad8e3c596da8288217",
                "sha256:bafd651b557dd81d89bd5f9c678872f3e7b7255c1c751b78d520df2caac80230",
                "sha256:bfff5ffff051f5aa47ba3b379d87bd051c3196b0c8a603e8b7ed68a6b4f217ec",
                "sha256:cf5d689ba9513b9753959164cf500079383bc18859f58bf8ce06d8d4bef2b054",
                "sha256:dcbc3f30c11c60d709c30a213dc56e88ac016fe76ac6768e64717bd976072566",
                "sha256:f9d7e742fb0196992477415bb34366c12e9bb9a0699b8b3f221ff93b213d7bec",
                "sha256:faee2604f279d31312bc455f3d024f160b6168b9c1dde22bf62d8c88a4deca8e"
            ],
            "version": "==19.0.1"
        },
        "qtconsole": {
            "hashes": [
                "sha256:89442727940126c65c2f94a058f1b4693a0f5d4c4b192fd6518ba3b11f4791aa",
                "sha256:fd48bf1051d6e69cec1f9e2596cfaa94e3c726c70c5d848681ebce10c029f5fd"
            ],
            "version": "==4.7.4"
        },
        "qtpy": {
            "hashes": [
                "sha256:2db72c44b55d0fe1407be8fba35c838ad0d6d3bb81f23007886dc1fc0f459c8d",
                "sha256:fa0b8363b363e89b2a6f49eddc162a04c0699ae95e109a6be3bb145a913190ea"
            ],
            "version": "==1.9.0"
        },
        "scipy": {
            "hashes": [
                "sha256:142649a4487e8849aa7e3ea11e010f6201683ed56adc02270d2c7a8cdb93a7e8",
                "sha256:1f402f14e726d41fd34e30b6c54daac36ac84ee64c4a430ed4b5ec016705e053",
                "sha256:1f57d75c49f6c8b17b4d9217011e5ecca4d04941eb79a465bdfdf9591f09a312",
                "sha256:25db07c206d81c9dd9b9a0ea4ea4a134026e4cddc83968e99bc2b95ce2b3c760",
                "sha256:2a0d8504a08507d6e7b5c2b65db11fdb10ca63245166a5496fe3a781d0d9a452",
                "sha256:38cf18ab60d853113137229e328c97719c22b02d3bf8873349472103015de5f7",
                "sha256:52998372c9179ebfbf7e875e4cb29137d4edc2b9d6614c5e57a180501dacf4f0",
                "sha256:52b693c1f842e126efb7882038680fed920fc2014cad3a16da4673e41dc8d0a9",
                "sha256:6591dc05981308fb620c3705bf684b57241b73fe9369748f36eaf7069969c67e",
                "sha256:a705d1c6b8b9b7a3f5f57aec792be3fce2d65cdf49a8559852084aa18c57af1e",
                "sha256:b5d756e25e26184d19172db49b185a05c618d7c1323588fa261563b451b0dc7b",
                "sha256:ce0164965caadd3a53583ad63643679ccea70b6bb25a691e4a74d3e87e3fffea",
                "sha256:d395b63f6bfb737f3b45c8253af7e1761af1cc015db7347cbaacf1f643f3f7b8",
                "sha256:e90d679b96b9cbd249e900b2d03558bb01ae161aa9400e9b6cd435cce82552ea",
                "sha256:eabc685cae91a899f6eff8aed3db3df2ad884df3b46f85314b5ca016d5bb93ea",
                "sha256:fb642c6c4a19feeeee84a74d1e38c16952fde36c752e4c4a8ed70f9e4d70d5c7"
            ],
            "index": "pypi",
            "version": "==1.5.0rc1"
        },
        "send2trash": {
            "hashes": [
                "sha256:60001cc07d707fe247c94f74ca6ac0d3255aabcb930529690897ca2a39db28b2",
                "sha256:f1691922577b6fa12821234aeb57599d887c4900b9ca537948d2dac34aea888b"
            ],
            "version": "==1.5.0"
        },
        "six": {
            "hashes": [
                "sha256:30639c035cdb23534cd4aa2dd52c3bf48f06e5f4a941509c8bafd8ce11080259",
                "sha256:8b74bedcbbbaca38ff6d7491d76f2b06b3592611af620f8426e82dddb04a5ced"
            ],
            "version": "==1.15.0"
        },
        "sympy": {
            "hashes": [
                "sha256:7af1e11e9fcb72362c47a481dc010e518cfcb60a594d1ee8bd268f86ea7d6cbf",
                "sha256:9769e3d2952e211b1245f1d0dfdbfbdde1f7779a3953832b7dd2b88a21ca6cc6"
            ],
            "index": "pypi",
            "version": "==1.6"
        },
        "tabulate": {
            "hashes": [
                "sha256:ac64cb76d53b1231d364babcd72abbb16855adac7de6665122f97b593f1eb2ba",
                "sha256:db2723a20d04bcda8522165c73eea7c300eda74e0ce852d9022e0159d7895007"
            ],
            "index": "pypi",
            "version": "==0.8.7"
        },
        "terminado": {
            "hashes": [
                "sha256:4804a774f802306a7d9af7322193c5390f1da0abb429e082a10ef1d46e6fb2c2",
                "sha256:a43dcb3e353bc680dd0783b1d9c3fc28d529f190bc54ba9a229f72fe6e7a54d7"
            ],
            "version": "==0.8.3"
        },
        "testpath": {
            "hashes": [
                "sha256:60e0a3261c149755f4399a1fff7d37523179a70fdc3abdf78de9fc2604aeec7e",
                "sha256:bfcf9411ef4bf3db7579063e0546938b1edda3d69f4e1fb8756991f5951f85d4"
            ],
            "version": "==0.4.4"
        },
        "tornado": {
            "hashes": [
                "sha256:0fe2d45ba43b00a41cd73f8be321a44936dc1aba233dee979f17a042b83eb6dc",
                "sha256:22aed82c2ea340c3771e3babc5ef220272f6fd06b5108a53b4976d0d722bcd52",
                "sha256:2c027eb2a393d964b22b5c154d1a23a5f8727db6fda837118a776b29e2b8ebc6",
                "sha256:5217e601700f24e966ddab689f90b7ea4bd91ff3357c3600fa1045e26d68e55d",
                "sha256:5618f72e947533832cbc3dec54e1dffc1747a5cb17d1fd91577ed14fa0dc081b",
                "sha256:5f6a07e62e799be5d2330e68d808c8ac41d4a259b9cea61da4101b83cb5dc673",
                "sha256:c58d56003daf1b616336781b26d184023ea4af13ae143d9dda65e31e534940b9",
                "sha256:c952975c8ba74f546ae6de2e226ab3cc3cc11ae47baf607459a6728585bb542a",
                "sha256:c98232a3ac391f5faea6821b53db8db461157baa788f5d6222a193e9456e1740"
            ],
            "version": "==6.0.4"
        },
        "traitlets": {
            "hashes": [
                "sha256:70b4c6a1d9019d7b4f6846832288f86998aa3b9207c6821f3578a6a6a467fe44",
                "sha256:d023ee369ddd2763310e4c3eae1ff649689440d4ae59d7485eb4cfbbe3e359f7"
            ],
            "version": "==4.3.3"
        },
        "wcwidth": {
            "hashes": [
                "sha256:980fbf4f3c196c0f329cdcd1e84c554d6a211f18e252e525a0cf4223154a41d6",
                "sha256:edbc2b718b4db6cdf393eefe3a420183947d6aa312505ce6754516f458ff8830"
            ],
            "version": "==0.2.3"
        },
        "webencodings": {
            "hashes": [
                "sha256:a0af1213f3c2226497a97e2b3aa01a7e4bee4f403f95be16fc9acd2947514a78",
                "sha256:b36a1c245f2d304965eb4e0a82848379241dc04b865afcc4aab16748587e1923"
            ],
            "version": "==0.5.1"
        },
        "widgetsnbextension": {
            "hashes": [
                "sha256:cb6181b4037da02deeabab39d5cb1113a7390aee7468b1f8237c2abbd6df6107",
                "sha256:fee3b6ec261393db5b4ec7c4fc96bf85c146cc6e5f38069c27d54fb7892bbb15"
            ],
            "version": "==4.0.0a0"
        }
    },
    "develop": {
        "appdirs": {
            "hashes": [
                "sha256:7d5d0167b2b1ba821647616af46a749d1c653740dd0d2415100fe26e27afdf41",
                "sha256:a841dacd6b99318a741b166adb07e19ee71a274450e68237b4650ca1055ab128"
            ],
            "version": "==1.4.4"
        },
        "astroid": {
            "hashes": [
                "sha256:4c17cea3e592c21b6e222f673868961bad77e1f985cb1694ed077475a89229c1",
                "sha256:d8506842a3faf734b81599c8b98dcc423de863adcc1999248480b18bd31a0f38"
            ],
            "version": "==2.4.1"
        },
        "attrs": {
            "hashes": [
                "sha256:08a96c641c3a74e44eb59afb61a24f2cb9f4d7188748e76ba4bb5edfa3cb7d1c",
                "sha256:f7b7ce16570fe9965acd6d30101a28f62fb4a7f9e926b3bbc9b61f8b04247e72"
            ],
            "version": "==19.3.0"
        },
        "black": {
            "hashes": [
                "sha256:1b30e59be925fafc1ee4565e5e08abef6b03fe455102883820fe5ee2e4734e0b",
                "sha256:c2edb73a08e9e0e6f65a0e6af18b059b8b1cdd5bef997d7a0b181df93dc81539"
            ],
            "index": "pypi",
            "version": "==19.10b0"
        },
        "click": {
            "hashes": [
                "sha256:d2b5255c7c6349bc1bd1e59e08cd12acbbd63ce649f2588755783aa94dfb6b1a",
                "sha256:dacca89f4bfadd5de3d7489b7c8a566eee0d3676333fbb50030263894c38c0dc"
            ],
            "version": "==7.1.2"
        },
        "isort": {
            "hashes": [
                "sha256:54da7e92468955c4fceacd0c86bd0ec997b0e1ee80d97f67c35a78b719dccab1",
                "sha256:6e811fcb295968434526407adb8796944f1988c5b65e8139058f2014cbe100fd"
            ],
            "version": "==4.3.21"
        },
        "lazy-object-proxy": {
            "hashes": [
                "sha256:0c4b206227a8097f05c4dbdd323c50edf81f15db3b8dc064d08c62d37e1a504d",
                "sha256:194d092e6f246b906e8f70884e620e459fc54db3259e60cf69a4d66c3fda3449",
                "sha256:1be7e4c9f96948003609aa6c974ae59830a6baecc5376c25c92d7d697e684c08",
                "sha256:4677f594e474c91da97f489fea5b7daa17b5517190899cf213697e48d3902f5a",
                "sha256:48dab84ebd4831077b150572aec802f303117c8cc5c871e182447281ebf3ac50",
                "sha256:5541cada25cd173702dbd99f8e22434105456314462326f06dba3e180f203dfd",
                "sha256:59f79fef100b09564bc2df42ea2d8d21a64fdcda64979c0fa3db7bdaabaf6239",
                "sha256:8d859b89baf8ef7f8bc6b00aa20316483d67f0b1cbf422f5b4dc56701c8f2ffb",
                "sha256:9254f4358b9b541e3441b007a0ea0764b9d056afdeafc1a5569eee1cc6c1b9ea",
                "sha256:9651375199045a358eb6741df3e02a651e0330be090b3bc79f6d0de31a80ec3e",
                "sha256:97bb5884f6f1cdce0099f86b907aa41c970c3c672ac8b9c8352789e103cf3156",
                "sha256:9b15f3f4c0f35727d3a0fba4b770b3c4ebbb1fa907dbcc046a1d2799f3edd142",
                "sha256:a2238e9d1bb71a56cd710611a1614d1194dc10a175c1e08d75e1a7bcc250d442",
                "sha256:a6ae12d08c0bf9909ce12385803a543bfe99b95fe01e752536a60af2b7797c62",
                "sha256:ca0a928a3ddbc5725be2dd1cf895ec0a254798915fb3a36af0964a0a4149e3db",
                "sha256:cb2c7c57005a6804ab66f106ceb8482da55f5314b7fcb06551db1edae4ad1531",
                "sha256:d74bb8693bf9cf75ac3b47a54d716bbb1a92648d5f781fc799347cfc95952383",
                "sha256:d945239a5639b3ff35b70a88c5f2f491913eb94871780ebfabb2568bd58afc5a",
                "sha256:eba7011090323c1dadf18b3b689845fd96a61ba0a1dfbd7f24b921398affc357",
                "sha256:efa1909120ce98bbb3777e8b6f92237f5d5c8ea6758efea36a473e1d38f7d3e4",
                "sha256:f3900e8a5de27447acbf900b4750b0ddfd7ec1ea7fbaf11dfa911141bc522af0"
            ],
            "version": "==1.4.3"
        },
        "mccabe": {
            "hashes": [
                "sha256:ab8a6258860da4b6677da4bd2fe5dc2c659cff31b3ee4f7f5d64e79735b80d42",
                "sha256:dd8d182285a0fe56bace7f45b5e7d1a6ebcbf524e8f3bd87eb0f125271b8831f"
            ],
            "version": "==0.6.1"
        },
        "mypy": {
            "hashes": [
                "sha256:15b948e1302682e3682f11f50208b726a246ab4e6c1b39f9264a8796bb416aa2",
                "sha256:219a3116ecd015f8dca7b5d2c366c973509dfb9a8fc97ef044a36e3da66144a1",
                "sha256:3b1fc683fb204c6b4403a1ef23f0b1fac8e4477091585e0c8c54cbdf7d7bb164",
                "sha256:3beff56b453b6ef94ecb2996bea101a08f1f8a9771d3cbf4988a61e4d9973761",
                "sha256:7687f6455ec3ed7649d1ae574136835a4272b65b3ddcf01ab8704ac65616c5ce",
                "sha256:7ec45a70d40ede1ec7ad7f95b3c94c9cf4c186a32f6bacb1795b60abd2f9ef27",
                "sha256:86c857510a9b7c3104cf4cde1568f4921762c8f9842e987bc03ed4f160925754",
                "sha256:8a627507ef9b307b46a1fea9513d5c98680ba09591253082b4c48697ba05a4ae",
                "sha256:8dfb69fbf9f3aeed18afffb15e319ca7f8da9642336348ddd6cab2713ddcf8f9",
                "sha256:a34b577cdf6313bf24755f7a0e3f3c326d5c1f4fe7422d1d06498eb25ad0c600",
                "sha256:a8ffcd53cb5dfc131850851cc09f1c44689c2812d0beb954d8138d4f5fc17f65",
                "sha256:b90928f2d9eb2f33162405f32dde9f6dcead63a0971ca8a1b50eb4ca3e35ceb8",
                "sha256:c56ffe22faa2e51054c5f7a3bc70a370939c2ed4de308c690e7949230c995913",
                "sha256:f91c7ae919bbc3f96cd5e5b2e786b2b108343d1d7972ea130f7de27fdd547cf3"
            ],
            "index": "pypi",
            "version": "==0.770"
        },
        "mypy-extensions": {
            "hashes": [
                "sha256:090fedd75945a69ae91ce1303b5824f428daf5a028d2f6ab8a299250a846f15d",
                "sha256:2d82818f5bb3e369420cb3c4060a7970edba416647068eb4c5343488a6c604a8"
            ],
            "version": "==0.4.3"
        },
        "pathspec": {
            "hashes": [
                "sha256:7d91249d21749788d07a2d0f94147accd8f845507400749ea19c1ec9054a12b0",
                "sha256:da45173eb3a6f2a5a487efba21f050af2b41948be6ab52b6a1e3ff22bb8b7061"
            ],
            "version": "==0.8.0"
        },
        "pylint": {
            "hashes": [
                "sha256:b95e31850f3af163c2283ed40432f053acbc8fc6eba6a069cb518d9dbf71848c",
                "sha256:dd506acce0427e9e08fb87274bcaa953d38b50a58207170dbf5b36cf3e16957b"
            ],
            "index": "pypi",
            "version": "==2.5.2"
        },
        "regex": {
            "hashes": [
                "sha256:1386e75c9d1574f6aa2e4eb5355374c8e55f9aac97e224a8a5a6abded0f9c927",
                "sha256:27ff7325b297fb6e5ebb70d10437592433601c423f5acf86e5bc1ee2919b9561",
                "sha256:329ba35d711e3428db6b45a53b1b13a0a8ba07cbbcf10bbed291a7da45f106c3",
                "sha256:3a9394197664e35566242686d84dfd264c07b20f93514e2e09d3c2b3ffdf78fe",
                "sha256:51f17abbe973c7673a61863516bdc9c0ef467407a940f39501e786a07406699c",
                "sha256:579ea215c81d18da550b62ff97ee187b99f1b135fd894a13451e00986a080cad",
                "sha256:70c14743320a68c5dac7fc5a0f685be63bc2024b062fe2aaccc4acc3d01b14a1",
                "sha256:7e61be8a2900897803c293247ef87366d5df86bf701083b6c43119c7c6c99108",
                "sha256:8044d1c085d49673aadb3d7dc20ef5cb5b030c7a4fa253a593dda2eab3059929",
                "sha256:89d76ce33d3266173f5be80bd4efcbd5196cafc34100fdab814f9b228dee0fa4",
                "sha256:99568f00f7bf820c620f01721485cad230f3fb28f57d8fbf4a7967ec2e446994",
                "sha256:a7c37f048ec3920783abab99f8f4036561a174f1314302ccfa4e9ad31cb00eb4",
                "sha256:c2062c7d470751b648f1cacc3f54460aebfc261285f14bc6da49c6943bd48bdd",
                "sha256:c9bce6e006fbe771a02bda468ec40ffccbf954803b470a0345ad39c603402577",
                "sha256:ce367d21f33e23a84fb83a641b3834dd7dd8e9318ad8ff677fbfae5915a239f7",
                "sha256:ce450ffbfec93821ab1fea94779a8440e10cf63819be6e176eb1973a6017aff5",
                "sha256:ce5cc53aa9fbbf6712e92c7cf268274eaff30f6bd12a0754e8133d85a8fb0f5f",
                "sha256:d466967ac8e45244b9dfe302bbe5e3337f8dc4dec8d7d10f5e950d83b140d33a",
                "sha256:d881c2e657c51d89f02ae4c21d9adbef76b8325fe4d5cf0e9ad62f850f3a98fd",
                "sha256:e565569fc28e3ba3e475ec344d87ed3cd8ba2d575335359749298a0899fe122e",
                "sha256:ea55b80eb0d1c3f1d8d784264a6764f931e172480a2f1868f2536444c5f01e01"
            ],
            "version": "==2020.5.14"
        },
        "six": {
            "hashes": [
                "sha256:30639c035cdb23534cd4aa2dd52c3bf48f06e5f4a941509c8bafd8ce11080259",
                "sha256:8b74bedcbbbaca38ff6d7491d76f2b06b3592611af620f8426e82dddb04a5ced"
            ],
            "version": "==1.15.0"
        },
        "toml": {
            "hashes": [
                "sha256:926b612be1e5ce0634a2ca03470f95169cf16f939018233a670519cb4ac58b0f",
                "sha256:bda89d5935c2eac546d648028b9901107a595863cb36bae0c73ac804a9b4ce88"
            ],
            "version": "==0.10.1"
        },
        "typed-ast": {
            "hashes": [
                "sha256:0666aa36131496aed8f7be0410ff974562ab7eeac11ef351def9ea6fa28f6355",
                "sha256:0c2c07682d61a629b68433afb159376e24e5b2fd4641d35424e462169c0a7919",
                "sha256:249862707802d40f7f29f6e1aad8d84b5aa9e44552d2cc17384b209f091276aa",
                "sha256:24995c843eb0ad11a4527b026b4dde3da70e1f2d8806c99b7b4a7cf491612652",
                "sha256:269151951236b0f9a6f04015a9004084a5ab0d5f19b57de779f908621e7d8b75",
                "sha256:4083861b0aa07990b619bd7ddc365eb7fa4b817e99cf5f8d9cf21a42780f6e01",
                "sha256:498b0f36cc7054c1fead3d7fc59d2150f4d5c6c56ba7fb150c013fbc683a8d2d",
                "sha256:4e3e5da80ccbebfff202a67bf900d081906c358ccc3d5e3c8aea42fdfdfd51c1",
                "sha256:6daac9731f172c2a22ade6ed0c00197ee7cc1221aa84cfdf9c31defeb059a907",
                "sha256:715ff2f2df46121071622063fc7543d9b1fd19ebfc4f5c8895af64a77a8c852c",
                "sha256:73d785a950fc82dd2a25897d525d003f6378d1cb23ab305578394694202a58c3",
                "sha256:8c8aaad94455178e3187ab22c8b01a3837f8ee50e09cf31f1ba129eb293ec30b",
                "sha256:8ce678dbaf790dbdb3eba24056d5364fb45944f33553dd5869b7580cdbb83614",
                "sha256:aaee9905aee35ba5905cfb3c62f3e83b3bec7b39413f0a7f19be4e547ea01ebb",
                "sha256:bcd3b13b56ea479b3650b82cabd6b5343a625b0ced5429e4ccad28a8973f301b",
                "sha256:c9e348e02e4d2b4a8b2eedb48210430658df6951fa484e59de33ff773fbd4b41",
                "sha256:d205b1b46085271b4e15f670058ce182bd1199e56b317bf2ec004b6a44f911f6",
                "sha256:d43943ef777f9a1c42bf4e552ba23ac77a6351de620aa9acf64ad54933ad4d34",
                "sha256:d5d33e9e7af3b34a40dc05f498939f0ebf187f07c385fd58d591c533ad8562fe",
                "sha256:fc0fea399acb12edbf8a628ba8d2312f583bdbdb3335635db062fa98cf71fca4",
                "sha256:fe460b922ec15dd205595c9b5b99e2f056fd98ae8f9f56b888e7a17dc2b757e7"
            ],
            "version": "==1.4.1"
        },
        "typing-extensions": {
            "hashes": [
                "sha256:6e95524d8a547a91e08f404ae485bbb71962de46967e1b71a0cb89af24e761c5",
                "sha256:79ee589a3caca649a9bfd2a8de4709837400dfa00b6cc81962a1e6a1815969ae",
                "sha256:f8d2bd89d25bc39dabe7d23df520442fa1d8969b82544370e03d88b5a591c392"
            ],
            "version": "==3.7.4.2"
        },
        "wrapt": {
            "hashes": [
                "sha256:b62ffa81fb85f4332a4f609cab4ac40709470da05643a082ec1eb88e6d9b97d7"
            ],
            "version": "==1.12.1"
        }
    }
}
